// !$*UTF8*$!
{
	archiveVersion = 1;
	classes = {
	};
	objectVersion = 50;
	objects = {

/* Begin PBXBuildFile section */
		EF63986923E2886100D6ECE9 /* AppDelegate.swift in Sources */ = {isa = PBXBuildFile; fileRef = EF63986823E2886100D6ECE9 /* AppDelegate.swift */; };
		EF63986B23E2886100D6ECE9 /* DocumentBrowserViewController.swift in Sources */ = {isa = PBXBuildFile; fileRef = EF63986A23E2886100D6ECE9 /* DocumentBrowserViewController.swift */; };
		EF63986F23E2886100D6ECE9 /* EmojiArtDocument.swift in Sources */ = {isa = PBXBuildFile; fileRef = EF63986E23E2886100D6ECE9 /* EmojiArtDocument.swift */; };
		EF63987223E2886100D6ECE9 /* Main.storyboard in Resources */ = {isa = PBXBuildFile; fileRef = EF63987023E2886100D6ECE9 /* Main.storyboard */; };
		EF63987423E2886200D6ECE9 /* Assets.xcassets in Resources */ = {isa = PBXBuildFile; fileRef = EF63987323E2886200D6ECE9 /* Assets.xcassets */; };
		EF63987723E2886200D6ECE9 /* LaunchScreen.storyboard in Resources */ = {isa = PBXBuildFile; fileRef = EF63987523E2886200D6ECE9 /* LaunchScreen.storyboard */; };
		EF63988623E29BD800D6ECE9 /* EmojiArtView+Gestures.swift in Sources */ = {isa = PBXBuildFile; fileRef = EF63987F23E29BD800D6ECE9 /* EmojiArtView+Gestures.swift */; };
		EF63988723E29BD800D6ECE9 /* TextFieldCollectionViewCell.swift in Sources */ = {isa = PBXBuildFile; fileRef = EF63988023E29BD800D6ECE9 /* TextFieldCollectionViewCell.swift */; };
		EF63988823E29BD800D6ECE9 /* EmojiArt.swift in Sources */ = {isa = PBXBuildFile; fileRef = EF63988123E29BD800D6ECE9 /* EmojiArt.swift */; };
		EF63988923E29BD800D6ECE9 /* Utilities.swift in Sources */ = {isa = PBXBuildFile; fileRef = EF63988223E29BD800D6ECE9 /* Utilities.swift */; };
		EF63988A23E29BD800D6ECE9 /* EmojiCollectionViewCell.swift in Sources */ = {isa = PBXBuildFile; fileRef = EF63988323E29BD800D6ECE9 /* EmojiCollectionViewCell.swift */; };
		EF63988B23E29BD800D6ECE9 /* EmojiArtViewController.swift in Sources */ = {isa = PBXBuildFile; fileRef = EF63988423E29BD800D6ECE9 /* EmojiArtViewController.swift */; };
		EF63988C23E29BD800D6ECE9 /* EmojiArtView.swift in Sources */ = {isa = PBXBuildFile; fileRef = EF63988523E29BD800D6ECE9 /* EmojiArtView.swift */; };
/* End PBXBuildFile section */

/* Begin PBXFileReference section */
		EF63986523E2886100D6ECE9 /* EmojiArt.app */ = {isa = PBXFileReference; explicitFileType = wrapper.application; includeInIndex = 0; path = EmojiArt.app; sourceTree = BUILT_PRODUCTS_DIR; };
		EF63986823E2886100D6ECE9 /* AppDelegate.swift */ = {isa = PBXFileReference; lastKnownFileType = sourcecode.swift; path = AppDelegate.swift; sourceTree = "<group>"; };
		EF63986A23E2886100D6ECE9 /* DocumentBrowserViewController.swift */ = {isa = PBXFileReference; lastKnownFileType = sourcecode.swift; path = DocumentBrowserViewController.swift; sourceTree = "<group>"; };
		EF63986E23E2886100D6ECE9 /* EmojiArtDocument.swift */ = {isa = PBXFileReference; lastKnownFileType = sourcecode.swift; path = EmojiArtDocument.swift; sourceTree = "<group>"; };
		EF63987123E2886100D6ECE9 /* Base */ = {isa = PBXFileReference; lastKnownFileType = file.storyboard; name = Base; path = Base.lproj/Main.storyboard; sourceTree = "<group>"; };
		EF63987323E2886200D6ECE9 /* Assets.xcassets */ = {isa = PBXFileReference; lastKnownFileType = folder.assetcatalog; path = Assets.xcassets; sourceTree = "<group>"; };
		EF63987623E2886200D6ECE9 /* Base */ = {isa = PBXFileReference; lastKnownFileType = file.storyboard; name = Base; path = Base.lproj/LaunchScreen.storyboard; sourceTree = "<group>"; };
		EF63987823E2886200D6ECE9 /* Info.plist */ = {isa = PBXFileReference; lastKnownFileType = text.plist.xml; path = Info.plist; sourceTree = "<group>"; };
		EF63987F23E29BD800D6ECE9 /* EmojiArtView+Gestures.swift */ = {isa = PBXFileReference; fileEncoding = 4; lastKnownFileType = sourcecode.swift; path = "EmojiArtView+Gestures.swift"; sourceTree = "<group>"; };
		EF63988023E29BD800D6ECE9 /* TextFieldCollectionViewCell.swift */ = {isa = PBXFileReference; fileEncoding = 4; lastKnownFileType = sourcecode.swift; name = TextFieldCollectionViewCell.swift; path = ../../EmojiArtOLD/EmojiArt/TextFieldCollectionViewCell.swift; sourceTree = "<group>"; };
		EF63988123E29BD800D6ECE9 /* EmojiArt.swift */ = {isa = PBXFileReference; fileEncoding = 4; lastKnownFileType = sourcecode.swift; name = EmojiArt.swift; path = ../../EmojiArtOLD/EmojiArt/EmojiArt.swift; sourceTree = "<group>"; };
		EF63988223E29BD800D6ECE9 /* Utilities.swift */ = {isa = PBXFileReference; fileEncoding = 4; lastKnownFileType = sourcecode.swift; path = Utilities.swift; sourceTree = "<group>"; };
		EF63988323E29BD800D6ECE9 /* EmojiCollectionViewCell.swift */ = {isa = PBXFileReference; fileEncoding = 4; lastKnownFileType = sourcecode.swift; name = EmojiCollectionViewCell.swift; path = ../../EmojiArtOLD/EmojiArt/EmojiCollectionViewCell.swift; sourceTree = "<group>"; };
		EF63988423E29BD800D6ECE9 /* EmojiArtViewController.swift */ = {isa = PBXFileReference; fileEncoding = 4; lastKnownFileType = sourcecode.swift; name = EmojiArtViewController.swift; path = ../../EmojiArtOLD/EmojiArt/EmojiArtViewController.swift; sourceTree = "<group>"; };
		EF63988523E29BD800D6ECE9 /* EmojiArtView.swift */ = {isa = PBXFileReference; fileEncoding = 4; lastKnownFileType = sourcecode.swift; name = EmojiArtView.swift; path = ../../EmojiArtOLD/EmojiArt/EmojiArtView.swift; sourceTree = "<group>"; };
/* End PBXFileReference section */

/* Begin PBXFrameworksBuildPhase section */
		EF63986223E2886100D6ECE9 /* Frameworks */ = {
			isa = PBXFrameworksBuildPhase;
			buildActionMask = 2147483647;
			files = (
			);
			runOnlyForDeploymentPostprocessing = 0;
		};
/* End PBXFrameworksBuildPhase section */

/* Begin PBXGroup section */
		EF63985C23E2886100D6ECE9 = {
			isa = PBXGroup;
			children = (
				EF63986723E2886100D6ECE9 /* EmojiArt */,
				EF63986623E2886100D6ECE9 /* Products */,
			);
			sourceTree = "<group>";
		};
		EF63986623E2886100D6ECE9 /* Products */ = {
			isa = PBXGroup;
			children = (
				EF63986523E2886100D6ECE9 /* EmojiArt.app */,
			);
			name = Products;
			sourceTree = "<group>";
		};
		EF63986723E2886100D6ECE9 /* EmojiArt */ = {
			isa = PBXGroup;
			children = (
				EF63987023E2886100D6ECE9 /* Main.storyboard */,
				EF63986A23E2886100D6ECE9 /* DocumentBrowserViewController.swift */,
				EF63986E23E2886100D6ECE9 /* EmojiArtDocument.swift */,
				EF63988123E29BD800D6ECE9 /* EmojiArt.swift */,
				EF63988523E29BD800D6ECE9 /* EmojiArtView.swift */,
				EF63988423E29BD800D6ECE9 /* EmojiArtViewController.swift */,
				EF63988323E29BD800D6ECE9 /* EmojiCollectionViewCell.swift */,
				EF63988023E29BD800D6ECE9 /* TextFieldCollectionViewCell.swift */,
				EF63987E23E288AC00D6ECE9 /* Supporting Files */,
				EF63987823E2886200D6ECE9 /* Info.plist */,
			);
			path = EmojiArt;
			sourceTree = "<group>";
		};
		EF63987E23E288AC00D6ECE9 /* Supporting Files */ = {
			isa = PBXGroup;
			children = (
				EF63987F23E29BD800D6ECE9 /* EmojiArtView+Gestures.swift */,
				EF63988223E29BD800D6ECE9 /* Utilities.swift */,
				EF63986823E2886100D6ECE9 /* AppDelegate.swift */,
				EF63987323E2886200D6ECE9 /* Assets.xcassets */,
				EF63987523E2886200D6ECE9 /* LaunchScreen.storyboard */,
			);
			path = "Supporting Files";
			sourceTree = "<group>";
		};
/* End PBXGroup section */

/* Begin PBXNativeTarget section */
		EF63986423E2886100D6ECE9 /* EmojiArt */ = {
			isa = PBXNativeTarget;
			buildConfigurationList = EF63987B23E2886200D6ECE9 /* Build configuration list for PBXNativeTarget "EmojiArt" */;
			buildPhases = (
				EF63986123E2886100D6ECE9 /* Sources */,
				EF63986223E2886100D6ECE9 /* Frameworks */,
				EF63986323E2886100D6ECE9 /* Resources */,
			);
			buildRules = (
			);
			dependencies = (
			);
			name = EmojiArt;
			productName = EmojiArt;
			productReference = EF63986523E2886100D6ECE9 /* EmojiArt.app */;
			productType = "com.apple.product-type.application";
		};
/* End PBXNativeTarget section */

/* Begin PBXProject section */
		EF63985D23E2886100D6ECE9 /* Project object */ = {
			isa = PBXProject;
			attributes = {
				LastSwiftUpdateCheck = 1130;
				LastUpgradeCheck = 1130;
				ORGANIZATIONNAME = "王亮";
				TargetAttributes = {
					EF63986423E2886100D6ECE9 = {
						CreatedOnToolsVersion = 11.3.1;
					};
				};
			};
			buildConfigurationList = EF63986023E2886100D6ECE9 /* Build configuration list for PBXProject "EmojiArt" */;
			compatibilityVersion = "Xcode 9.3";
			developmentRegion = en;
			hasScannedForEncodings = 0;
			knownRegions = (
				en,
				Base,
			);
			mainGroup = EF63985C23E2886100D6ECE9;
			productRefGroup = EF63986623E2886100D6ECE9 /* Products */;
			projectDirPath = "";
			projectRoot = "";
			targets = (
				EF63986423E2886100D6ECE9 /* EmojiArt */,
			);
		};
/* End PBXProject section */

/* Begin PBXResourcesBuildPhase section */
		EF63986323E2886100D6ECE9 /* Resources */ = {
			isa = PBXResourcesBuildPhase;
			buildActionMask = 2147483647;
			files = (
				EF63987723E2886200D6ECE9 /* LaunchScreen.storyboard in Resources */,
				EF63987423E2886200D6ECE9 /* Assets.xcassets in Resources */,
				EF63987223E2886100D6ECE9 /* Main.storyboard in Resources */,
			);
			runOnlyForDeploymentPostprocessing = 0;
		};
/* End PBXResourcesBuildPhase section */

/* Begin PBXSourcesBuildPhase section */
		EF63986123E2886100D6ECE9 /* Sources */ = {
			isa = PBXSourcesBuildPhase;
			buildActionMask = 2147483647;
			files = (
				EF63988823E29BD800D6ECE9 /* EmojiArt.swift in Sources */,
				EF63988C23E29BD800D6ECE9 /* EmojiArtView.swift in Sources */,
				EF63988B23E29BD800D6ECE9 /* EmojiArtViewController.swift in Sources */,
				EF63986F23E2886100D6ECE9 /* EmojiArtDocument.swift in Sources */,
				EF63988923E29BD800D6ECE9 /* Utilities.swift in Sources */,
				EF63988A23E29BD800D6ECE9 /* EmojiCollectionViewCell.swift in Sources */,
				EF63988623E29BD800D6ECE9 /* EmojiArtView+Gestures.swift in Sources */,
				EF63986B23E2886100D6ECE9 /* DocumentBrowserViewController.swift in Sources */,
				EF63988723E29BD800D6ECE9 /* TextFieldCollectionViewCell.swift in Sources */,
				EF63986923E2886100D6ECE9 /* AppDelegate.swift in Sources */,
			);
			runOnlyForDeploymentPostprocessing = 0;
		};
/* End PBXSourcesBuildPhase section */

/* Begin PBXVariantGroup section */
		EF63987023E2886100D6ECE9 /* Main.storyboard */ = {
			isa = PBXVariantGroup;
			children = (
				EF63987123E2886100D6ECE9 /* Base */,
			);
			name = Main.storyboard;
			sourceTree = "<group>";
		};
		EF63987523E2886200D6ECE9 /* LaunchScreen.storyboard */ = {
			isa = PBXVariantGroup;
			children = (
				EF63987623E2886200D6ECE9 /* Base */,
			);
			name = LaunchScreen.storyboard;
			sourceTree = "<group>";
		};
/* End PBXVariantGroup section */

/* Begin XCBuildConfiguration section */
		EF63987923E2886200D6ECE9 /* Debug */ = {
			isa = XCBuildConfiguration;
			buildSettings = {
				ALWAYS_SEARCH_USER_PATHS = NO;
				CLANG_ANALYZER_NONNULL = YES;
				CLANG_ANALYZER_NUMBER_OBJECT_CONVERSION = YES_AGGRESSIVE;
				CLANG_CXX_LANGUAGE_STANDARD = "gnu++14";
				CLANG_CXX_LIBRARY = "libc++";
				CLANG_ENABLE_MODULES = YES;
				CLANG_ENABLE_OBJC_ARC = YES;
				CLANG_ENABLE_OBJC_WEAK = YES;
				CLANG_WARN_BLOCK_CAPTURE_AUTORELEASING = YES;
				CLANG_WARN_BOOL_CONVERSION = YES;
				CLANG_WARN_COMMA = YES;
				CLANG_WARN_CONSTANT_CONVERSION = YES;
				CLANG_WARN_DEPRECATED_OBJC_IMPLEMENTATIONS = YES;
				CLANG_WARN_DIRECT_OBJC_ISA_USAGE = YES_ERROR;
				CLANG_WARN_DOCUMENTATION_COMMENTS = YES;
				CLANG_WARN_EMPTY_BODY = YES;
				CLANG_WARN_ENUM_CONVERSION = YES;
				CLANG_WARN_INFINITE_RECURSION = YES;
				CLANG_WARN_INT_CONVERSION = YES;
				CLANG_WARN_NON_LITERAL_NULL_CONVERSION = YES;
				CLANG_WARN_OBJC_IMPLICIT_RETAIN_SELF = YES;
				CLANG_WARN_OBJC_LITERAL_CONVERSION = YES;
				CLANG_WARN_OBJC_ROOT_CLASS = YES_ERROR;
				CLANG_WARN_RANGE_LOOP_ANALYSIS = YES;
				CLANG_WARN_STRICT_PROTOTYPES = YES;
				CLANG_WARN_SUSPICIOUS_MOVE = YES;
				CLANG_WARN_UNGUARDED_AVAILABILITY = YES_AGGRESSIVE;
				CLANG_WARN_UNREACHABLE_CODE = YES;
				CLANG_WARN__DUPLICATE_METHOD_MATCH = YES;
				COPY_PHASE_STRIP = NO;
				DEBUG_INFORMATION_FORMAT = dwarf;
				ENABLE_STRICT_OBJC_MSGSEND = YES;
				ENABLE_TESTABILITY = YES;
				GCC_C_LANGUAGE_STANDARD = gnu11;
				GCC_DYNAMIC_NO_PIC = NO;
				GCC_NO_COMMON_BLOCKS = YES;
				GCC_OPTIMIZATION_LEVEL = 0;
				GCC_PREPROCESSOR_DEFINITIONS = (
					"DEBUG=1",
					"$(inherited)",
				);
				GCC_WARN_64_TO_32_BIT_CONVERSION = YES;
				GCC_WARN_ABOUT_RETURN_TYPE = YES_ERROR;
				GCC_WARN_UNDECLARED_SELECTOR = YES;
				GCC_WARN_UNINITIALIZED_AUTOS = YES_AGGRESSIVE;
				GCC_WARN_UNUSED_FUNCTION = YES;
				GCC_WARN_UNUSED_VARIABLE = YES;
				IPHONEOS_DEPLOYMENT_TARGET = 13.2;
				MTL_ENABLE_DEBUG_INFO = INCLUDE_SOURCE;
				MTL_FAST_MATH = YES;
				ONLY_ACTIVE_ARCH = YES;
				SDKROOT = iphoneos;
				SWIFT_ACTIVE_COMPILATION_CONDITIONS = DEBUG;
				SWIFT_OPTIMIZATION_LEVEL = "-Onone";
			};
			name = Debug;
		};
		EF63987A23E2886200D6ECE9 /* Release */ = {
			isa = XCBuildConfiguration;
			buildSettings = {
				ALWAYS_SEARCH_USER_PATHS = NO;
				CLANG_ANALYZER_NONNULL = YES;
				CLANG_ANALYZER_NUMBER_OBJECT_CONVERSION = YES_AGGRESSIVE;
				CLANG_CXX_LANGUAGE_STANDARD = "gnu++14";
				CLANG_CXX_LIBRARY = "libc++";
				CLANG_ENABLE_MODULES = YES;
				CLANG_ENABLE_OBJC_ARC = YES;
				CLANG_ENABLE_OBJC_WEAK = YES;
				CLANG_WARN_BLOCK_CAPTURE_AUTORELEASING = YES;
				CLANG_WARN_BOOL_CONVERSION = YES;
				CLANG_WARN_COMMA = YES;
				CLANG_WARN_CONSTANT_CONVERSION = YES;
				CLANG_WARN_DEPRECATED_OBJC_IMPLEMENTATIONS = YES;
				CLANG_WARN_DIRECT_OBJC_ISA_USAGE = YES_ERROR;
				CLANG_WARN_DOCUMENTATION_COMMENTS = YES;
				CLANG_WARN_EMPTY_BODY = YES;
				CLANG_WARN_ENUM_CONVERSION = YES;
				CLANG_WARN_INFINITE_RECURSION = YES;
				CLANG_WARN_INT_CONVERSION = YES;
				CLANG_WARN_NON_LITERAL_NULL_CONVERSION = YES;
				CLANG_WARN_OBJC_IMPLICIT_RETAIN_SELF = YES;
				CLANG_WARN_OBJC_LITERAL_CONVERSION = YES;
				CLANG_WARN_OBJC_ROOT_CLASS = YES_ERROR;
				CLANG_WARN_RANGE_LOOP_ANALYSIS = YES;
				CLANG_WARN_STRICT_PROTOTYPES = YES;
				CLANG_WARN_SUSPICIOUS_MOVE = YES;
				CLANG_WARN_UNGUARDED_AVAILABILITY = YES_AGGRESSIVE;
				CLANG_WARN_UNREACHABLE_CODE = YES;
				CLANG_WARN__DUPLICATE_METHOD_MATCH = YES;
				COPY_PHASE_STRIP = NO;
				DEBUG_INFORMATION_FORMAT = "dwarf-with-dsym";
				ENABLE_NS_ASSERTIONS = NO;
				ENABLE_STRICT_OBJC_MSGSEND = YES;
				GCC_C_LANGUAGE_STANDARD = gnu11;
				GCC_NO_COMMON_BLOCKS = YES;
				GCC_WARN_64_TO_32_BIT_CONVERSION = YES;
				GCC_WARN_ABOUT_RETURN_TYPE = YES_ERROR;
				GCC_WARN_UNDECLARED_SELECTOR = YES;
				GCC_WARN_UNINITIALIZED_AUTOS = YES_AGGRESSIVE;
				GCC_WARN_UNUSED_FUNCTION = YES;
				GCC_WARN_UNUSED_VARIABLE = YES;
				IPHONEOS_DEPLOYMENT_TARGET = 13.2;
				MTL_ENABLE_DEBUG_INFO = NO;
				MTL_FAST_MATH = YES;
				SDKROOT = iphoneos;
				SWIFT_COMPILATION_MODE = wholemodule;
				SWIFT_OPTIMIZATION_LEVEL = "-O";
				VALIDATE_PRODUCT = YES;
			};
			name = Release;
		};
		EF63987C23E2886200D6ECE9 /* Debug */ = {
			isa = XCBuildConfiguration;
			buildSettings = {
				ASSETCATALOG_COMPILER_APPICON_NAME = AppIcon;
				CODE_SIGN_STYLE = Automatic;
				INFOPLIST_FILE = EmojiArt/Info.plist;
				LD_RUNPATH_SEARCH_PATHS = (
					"$(inherited)",
					"@executable_path/Frameworks",
				);
				PRODUCT_BUNDLE_IDENTIFIER = wangliang.EmojiArt;
				PRODUCT_NAME = "$(TARGET_NAME)";
				SWIFT_VERSION = 5.0;
				TARGETED_DEVICE_FAMILY = "1,2";
			};
			name = Debug;
		};
		EF63987D23E2886200D6ECE9 /* Release */ = {
			isa = XCBuildConfiguration;
			buildSettings = {
				ASSETCATALOG_COMPILER_APPICON_NAME = AppIcon;
				CODE_SIGN_STYLE = Automatic;
				INFOPLIST_FILE = EmojiArt/Info.plist;
				LD_RUNPATH_SEARCH_PATHS = (
					"$(inherited)",
					"@executable_path/Frameworks",
				);
				PRODUCT_BUNDLE_IDENTIFIER = wangliang.EmojiArt;
				PRODUCT_NAME = "$(TARGET_NAME)";
				SWIFT_VERSION = 5.0;
				TARGETED_DEVICE_FAMILY = "1,2";
			};
			name = Release;
		};
/* End XCBuildConfiguration section */

/* Begin XCConfigurationList section */
		EF63986023E2886100D6ECE9 /* Build configuration list for PBXProject "EmojiArt" */ = {
			isa = XCConfigurationList;
			buildConfigurations = (
				EF63987923E2886200D6ECE9 /* Debug */,
				EF63987A23E2886200D6ECE9 /* Release */,
			);
			defaultConfigurationIsVisible = 0;
			defaultConfigurationName = Release;
		};
		EF63987B23E2886200D6ECE9 /* Build configuration list for PBXNativeTarget "EmojiArt" */ = {
			isa = XCConfigurationList;
			buildConfigurations = (
				EF63987C23E2886200D6ECE9 /* Debug */,
				EF63987D23E2886200D6ECE9 /* Release */,
			);
			defaultConfigurationIsVisible = 0;
			defaultConfigurationName = Release;
		};
/* End XCConfigurationList section */
	};
	rootObject = EF63985D23E2886100D6ECE9 /* Project object */;
}
