// !$*UTF8*$!
{
	archiveVersion = 1;
	classes = {
	};
	objectVersion = 50;
	objects = {

/* Begin PBXBuildFile section */
		EF63983623E0250C00D6ECE9 /* AppDelegate.swift in Sources */ = {isa = PBXBuildFile; fileRef = EF63983523E0250C00D6ECE9 /* AppDelegate.swift */; };
		EF63983823E0250C00D6ECE9 /* SceneDelegate.swift in Sources */ = {isa = PBXBuildFile; fileRef = EF63983723E0250C00D6ECE9 /* SceneDelegate.swift */; };
		EF63983D23E0250C00D6ECE9 /* Main.storyboard in Resources */ = {isa = PBXBuildFile; fileRef = EF63983B23E0250C00D6ECE9 /* Main.storyboard */; };
		EF63983F23E0250D00D6ECE9 /* Assets.xcassets in Resources */ = {isa = PBXBuildFile; fileRef = EF63983E23E0250D00D6ECE9 /* Assets.xcassets */; };
		EF63984223E0250D00D6ECE9 /* LaunchScreen.storyboard in Resources */ = {isa = PBXBuildFile; fileRef = EF63984023E0250D00D6ECE9 /* LaunchScreen.storyboard */; };
		EF63984B23E025A000D6ECE9 /* EmojiArtViewController.swift in Sources */ = {isa = PBXBuildFile; fileRef = EF63984A23E025A000D6ECE9 /* EmojiArtViewController.swift */; };
		EF63984D23E0263C00D6ECE9 /* EmojiArtView.swift in Sources */ = {isa = PBXBuildFile; fileRef = EF63984C23E0263C00D6ECE9 /* EmojiArtView.swift */; };
		EF63985123E0303300D6ECE9 /* Utilities.swift in Sources */ = {isa = PBXBuildFile; fileRef = EF63985023E0303300D6ECE9 /* Utilities.swift */; };
		EF63985323E0670D00D6ECE9 /* EmojiArtDocumentTableViewController.swift in Sources */ = {isa = PBXBuildFile; fileRef = EF63985223E0670D00D6ECE9 /* EmojiArtDocumentTableViewController.swift */; };
		EF63985523E099F900D6ECE9 /* EmojiCollectionViewCell.swift in Sources */ = {isa = PBXBuildFile; fileRef = EF63985423E099F900D6ECE9 /* EmojiCollectionViewCell.swift */; };
		EF63985723E13BAC00D6ECE9 /* EmojiArtView+Gestures.swift in Sources */ = {isa = PBXBuildFile; fileRef = EF63985623E13BAC00D6ECE9 /* EmojiArtView+Gestures.swift */; };
/* End PBXBuildFile section */

/* Begin PBXFileReference section */
		EF63983223E0250C00D6ECE9 /* EmojiArt.app */ = {isa = PBXFileReference; explicitFileType = wrapper.application; includeInIndex = 0; path = EmojiArt.app; sourceTree = BUILT_PRODUCTS_DIR; };
		EF63983523E0250C00D6ECE9 /* AppDelegate.swift */ = {isa = PBXFileReference; lastKnownFileType = sourcecode.swift; path = AppDelegate.swift; sourceTree = "<group>"; };
		EF63983723E0250C00D6ECE9 /* SceneDelegate.swift */ = {isa = PBXFileReference; lastKnownFileType = sourcecode.swift; path = SceneDelegate.swift; sourceTree = "<group>"; };
		EF63983C23E0250C00D6ECE9 /* Base */ = {isa = PBXFileReference; lastKnownFileType = file.storyboard; name = Base; path = Base.lproj/Main.storyboard; sourceTree = "<group>"; };
		EF63983E23E0250D00D6ECE9 /* Assets.xcassets */ = {isa = PBXFileReference; lastKnownFileType = folder.assetcatalog; path = Assets.xcassets; sourceTree = "<group>"; };
		EF63984123E0250D00D6ECE9 /* Base */ = {isa = PBXFileReference; lastKnownFileType = file.storyboard; name = Base; path = Base.lproj/LaunchScreen.storyboard; sourceTree = "<group>"; };
		EF63984323E0250D00D6ECE9 /* Info.plist */ = {isa = PBXFileReference; lastKnownFileType = text.plist.xml; path = Info.plist; sourceTree = "<group>"; };
		EF63984A23E025A000D6ECE9 /* EmojiArtViewController.swift */ = {isa = PBXFileReference; lastKnownFileType = sourcecode.swift; path = EmojiArtViewController.swift; sourceTree = "<group>"; };
		EF63984C23E0263C00D6ECE9 /* EmojiArtView.swift */ = {isa = PBXFileReference; lastKnownFileType = sourcecode.swift; path = EmojiArtView.swift; sourceTree = "<group>"; };
		EF63985023E0303300D6ECE9 /* Utilities.swift */ = {isa = PBXFileReference; fileEncoding = 4; lastKnownFileType = sourcecode.swift; path = Utilities.swift; sourceTree = "<group>"; };
		EF63985223E0670D00D6ECE9 /* EmojiArtDocumentTableViewController.swift */ = {isa = PBXFileReference; lastKnownFileType = sourcecode.swift; path = EmojiArtDocumentTableViewController.swift; sourceTree = "<group>"; };
		EF63985423E099F900D6ECE9 /* EmojiCollectionViewCell.swift */ = {isa = PBXFileReference; lastKnownFileType = sourcecode.swift; path = EmojiCollectionViewCell.swift; sourceTree = "<group>"; };
		EF63985623E13BAC00D6ECE9 /* EmojiArtView+Gestures.swift */ = {isa = PBXFileReference; fileEncoding = 4; lastKnownFileType = sourcecode.swift; path = "EmojiArtView+Gestures.swift"; sourceTree = "<group>"; };
/* End PBXFileReference section */

/* Begin PBXFrameworksBuildPhase section */
		EF63982F23E0250C00D6ECE9 /* Frameworks */ = {
			isa = PBXFrameworksBuildPhase;
			buildActionMask = 2147483647;
			files = (
			);
			runOnlyForDeploymentPostprocessing = 0;
		};
/* End PBXFrameworksBuildPhase section */

/* Begin PBXGroup section */
		EF63982923E0250C00D6ECE9 = {
			isa = PBXGroup;
			children = (
				EF63983423E0250C00D6ECE9 /* EmojiArt */,
				EF63983323E0250C00D6ECE9 /* Products */,
			);
			sourceTree = "<group>";
		};
		EF63983323E0250C00D6ECE9 /* Products */ = {
			isa = PBXGroup;
			children = (
				EF63983223E0250C00D6ECE9 /* EmojiArt.app */,
			);
			name = Products;
			sourceTree = "<group>";
		};
		EF63983423E0250C00D6ECE9 /* EmojiArt */ = {
			isa = PBXGroup;
			children = (
				EF63983B23E0250C00D6ECE9 /* Main.storyboard */,
				EF63985423E099F900D6ECE9 /* EmojiCollectionViewCell.swift */,
				EF63985223E0670D00D6ECE9 /* EmojiArtDocumentTableViewController.swift */,
				EF63984C23E0263C00D6ECE9 /* EmojiArtView.swift */,
				EF63984A23E025A000D6ECE9 /* EmojiArtViewController.swift */,
				EF63985023E0303300D6ECE9 /* Utilities.swift */,
				EF63985623E13BAC00D6ECE9 /* EmojiArtView+Gestures.swift */,
				EF63984923E0251F00D6ECE9 /* Supporting Files */,
				EF63984323E0250D00D6ECE9 /* Info.plist */,
			);
			path = EmojiArt;
			sourceTree = "<group>";
		};
		EF63984923E0251F00D6ECE9 /* Supporting Files */ = {
			isa = PBXGroup;
			children = (
				EF63983723E0250C00D6ECE9 /* SceneDelegate.swift */,
				EF63983523E0250C00D6ECE9 /* AppDelegate.swift */,
				EF63983E23E0250D00D6ECE9 /* Assets.xcassets */,
				EF63984023E0250D00D6ECE9 /* LaunchScreen.storyboard */,
			);
			path = "Supporting Files";
			sourceTree = "<group>";
		};
/* End PBXGroup section */

/* Begin PBXNativeTarget section */
		EF63983123E0250C00D6ECE9 /* EmojiArt */ = {
			isa = PBXNativeTarget;
			buildConfigurationList = EF63984623E0250D00D6ECE9 /* Build configuration list for PBXNativeTarget "EmojiArt" */;
			buildPhases = (
				EF63982E23E0250C00D6ECE9 /* Sources */,
				EF63982F23E0250C00D6ECE9 /* Frameworks */,
				EF63983023E0250C00D6ECE9 /* Resources */,
			);
			buildRules = (
			);
			dependencies = (
			);
			name = EmojiArt;
			productName = EmojiArt;
			productReference = EF63983223E0250C00D6ECE9 /* EmojiArt.app */;
			productType = "com.apple.product-type.application";
		};
/* End PBXNativeTarget section */

/* Begin PBXProject section */
		EF63982A23E0250C00D6ECE9 /* Project object */ = {
			isa = PBXProject;
			attributes = {
				LastSwiftUpdateCheck = 1130;
				LastUpgradeCheck = 1130;
				ORGANIZATIONNAME = "王亮";
				TargetAttributes = {
					EF63983123E0250C00D6ECE9 = {
						CreatedOnToolsVersion = 11.3.1;
					};
				};
			};
			buildConfigurationList = EF63982D23E0250C00D6ECE9 /* Build configuration list for PBXProject "EmojiArt" */;
			compatibilityVersion = "Xcode 9.3";
			developmentRegion = en;
			hasScannedForEncodings = 0;
			knownRegions = (
				en,
				Base,
			);
			mainGroup = EF63982923E0250C00D6ECE9;
			productRefGroup = EF63983323E0250C00D6ECE9 /* Products */;
			projectDirPath = "";
			projectRoot = "";
			targets = (
				EF63983123E0250C00D6ECE9 /* EmojiArt */,
			);
		};
/* End PBXProject section */

/* Begin PBXResourcesBuildPhase section */
		EF63983023E0250C00D6ECE9 /* Resources */ = {
			isa = PBXResourcesBuildPhase;
			buildActionMask = 2147483647;
			files = (
				EF63984223E0250D00D6ECE9 /* LaunchScreen.storyboard in Resources */,
				EF63983F23E0250D00D6ECE9 /* Assets.xcassets in Resources */,
				EF63983D23E0250C00D6ECE9 /* Main.storyboard in Resources */,
			);
			runOnlyForDeploymentPostprocessing = 0;
		};
/* End PBXResourcesBuildPhase section */

/* Begin PBXSourcesBuildPhase section */
		EF63982E23E0250C00D6ECE9 /* Sources */ = {
			isa = PBXSourcesBuildPhase;
			buildActionMask = 2147483647;
			files = (
				EF63985523E099F900D6ECE9 /* EmojiCollectionViewCell.swift in Sources */,
				EF63985723E13BAC00D6ECE9 /* EmojiArtView+Gestures.swift in Sources */,
				EF63983623E0250C00D6ECE9 /* AppDelegate.swift in Sources */,
				EF63985323E0670D00D6ECE9 /* EmojiArtDocumentTableViewController.swift in Sources */,
				EF63984B23E025A000D6ECE9 /* EmojiArtViewController.swift in Sources */,
				EF63983823E0250C00D6ECE9 /* SceneDelegate.swift in Sources */,
				EF63985123E0303300D6ECE9 /* Utilities.swift in Sources */,
				EF63984D23E0263C00D6ECE9 /* EmojiArtView.swift in Sources */,
			);
			runOnlyForDeploymentPostprocessing = 0;
		};
/* End PBXSourcesBuildPhase section */

/* Begin PBXVariantGroup section */
		EF63983B23E0250C00D6ECE9 /* Main.storyboard */ = {
			isa = PBXVariantGroup;
			children = (
				EF63983C23E0250C00D6ECE9 /* Base */,
			);
			name = Main.storyboard;
			sourceTree = "<group>";
		};
		EF63984023E0250D00D6ECE9 /* LaunchScreen.storyboard */ = {
			isa = PBXVariantGroup;
			children = (
				EF63984123E0250D00D6ECE9 /* Base */,
			);
			name = LaunchScreen.storyboard;
			sourceTree = "<group>";
		};
/* End PBXVariantGroup section */

/* Begin XCBuildConfiguration section */
		EF63984423E0250D00D6ECE9 /* Debug */ = {
			isa = XCBuildConfiguration;
			buildSettings = {
				ALWAYS_SEARCH_USER_PATHS = NO;
				CLANG_ANALYZER_NONNULL = YES;
				CLANG_ANALYZER_NUMBER_OBJECT_CONVERSION = YES_AGGRESSIVE;
				CLANG_CXX_LANGUAGE_STANDARD = "gnu++14";
				CLANG_CXX_LIBRARY = "libc++";
				CLANG_ENABLE_MODULES = YES;
				CLANG_ENABLE_OBJC_ARC = YES;
				CLANG_ENABLE_OBJC_WEAK = YES;
				CLANG_WARN_BLOCK_CAPTURE_AUTORELEASING = YES;
				CLANG_WARN_BOOL_CONVERSION = YES;
				CLANG_WARN_COMMA = YES;
				CLANG_WARN_CONSTANT_CONVERSION = YES;
				CLANG_WARN_DEPRECATED_OBJC_IMPLEMENTATIONS = YES;
				CLANG_WARN_DIRECT_OBJC_ISA_USAGE = YES_ERROR;
				CLANG_WARN_DOCUMENTATION_COMMENTS = YES;
				CLANG_WARN_EMPTY_BODY = YES;
				CLANG_WARN_ENUM_CONVERSION = YES;
				CLANG_WARN_INFINITE_RECURSION = YES;
				CLANG_WARN_INT_CONVERSION = YES;
				CLANG_WARN_NON_LITERAL_NULL_CONVERSION = YES;
				CLANG_WARN_OBJC_IMPLICIT_RETAIN_SELF = YES;
				CLANG_WARN_OBJC_LITERAL_CONVERSION = YES;
				CLANG_WARN_OBJC_ROOT_CLASS = YES_ERROR;
				CLANG_WARN_RANGE_LOOP_ANALYSIS = YES;
				CLANG_WARN_STRICT_PROTOTYPES = YES;
				CLANG_WARN_SUSPICIOUS_MOVE = YES;
				CLANG_WARN_UNGUARDED_AVAILABILITY = YES_AGGRESSIVE;
				CLANG_WARN_UNREACHABLE_CODE = YES;
				CLANG_WARN__DUPLICATE_METHOD_MATCH = YES;
				COPY_PHASE_STRIP = NO;
				DEBUG_INFORMATION_FORMAT = dwarf;
				ENABLE_STRICT_OBJC_MSGSEND = YES;
				ENABLE_TESTABILITY = YES;
				GCC_C_LANGUAGE_STANDARD = gnu11;
				GCC_DYNAMIC_NO_PIC = NO;
				GCC_NO_COMMON_BLOCKS = YES;
				GCC_OPTIMIZATION_LEVEL = 0;
				GCC_PREPROCESSOR_DEFINITIONS = (
					"DEBUG=1",
					"$(inherited)",
				);
				GCC_WARN_64_TO_32_BIT_CONVERSION = YES;
				GCC_WARN_ABOUT_RETURN_TYPE = YES_ERROR;
				GCC_WARN_UNDECLARED_SELECTOR = YES;
				GCC_WARN_UNINITIALIZED_AUTOS = YES_AGGRESSIVE;
				GCC_WARN_UNUSED_FUNCTION = YES;
				GCC_WARN_UNUSED_VARIABLE = YES;
				IPHONEOS_DEPLOYMENT_TARGET = 13.2;
				MTL_ENABLE_DEBUG_INFO = INCLUDE_SOURCE;
				MTL_FAST_MATH = YES;
				ONLY_ACTIVE_ARCH = YES;
				SDKROOT = iphoneos;
				SWIFT_ACTIVE_COMPILATION_CONDITIONS = DEBUG;
				SWIFT_OPTIMIZATION_LEVEL = "-Onone";
			};
			name = Debug;
		};
		EF63984523E0250D00D6ECE9 /* Release */ = {
			isa = XCBuildConfiguration;
			buildSettings = {
				ALWAYS_SEARCH_USER_PATHS = NO;
				CLANG_ANALYZER_NONNULL = YES;
				CLANG_ANALYZER_NUMBER_OBJECT_CONVERSION = YES_AGGRESSIVE;
				CLANG_CXX_LANGUAGE_STANDARD = "gnu++14";
				CLANG_CXX_LIBRARY = "libc++";
				CLANG_ENABLE_MODULES = YES;
				CLANG_ENABLE_OBJC_ARC = YES;
				CLANG_ENABLE_OBJC_WEAK = YES;
				CLANG_WARN_BLOCK_CAPTURE_AUTORELEASING = YES;
				CLANG_WARN_BOOL_CONVERSION = YES;
				CLANG_WARN_COMMA = YES;
				CLANG_WARN_CONSTANT_CONVERSION = YES;
				CLANG_WARN_DEPRECATED_OBJC_IMPLEMENTATIONS = YES;
				CLANG_WARN_DIRECT_OBJC_ISA_USAGE = YES_ERROR;
				CLANG_WARN_DOCUMENTATION_COMMENTS = YES;
				CLANG_WARN_EMPTY_BODY = YES;
				CLANG_WARN_ENUM_CONVERSION = YES;
				CLANG_WARN_INFINITE_RECURSION = YES;
				CLANG_WARN_INT_CONVERSION = YES;
				CLANG_WARN_NON_LITERAL_NULL_CONVERSION = YES;
				CLANG_WARN_OBJC_IMPLICIT_RETAIN_SELF = YES;
				CLANG_WARN_OBJC_LITERAL_CONVERSION = YES;
				CLANG_WARN_OBJC_ROOT_CLASS = YES_ERROR;
				CLANG_WARN_RANGE_LOOP_ANALYSIS = YES;
				CLANG_WARN_STRICT_PROTOTYPES = YES;
				CLANG_WARN_SUSPICIOUS_MOVE = YES;
				CLANG_WARN_UNGUARDED_AVAILABILITY = YES_AGGRESSIVE;
				CLANG_WARN_UNREACHABLE_CODE = YES;
				CLANG_WARN__DUPLICATE_METHOD_MATCH = YES;
				COPY_PHASE_STRIP = NO;
				DEBUG_INFORMATION_FORMAT = "dwarf-with-dsym";
				ENABLE_NS_ASSERTIONS = NO;
				ENABLE_STRICT_OBJC_MSGSEND = YES;
				GCC_C_LANGUAGE_STANDARD = gnu11;
				GCC_NO_COMMON_BLOCKS = YES;
				GCC_WARN_64_TO_32_BIT_CONVERSION = YES;
				GCC_WARN_ABOUT_RETURN_TYPE = YES_ERROR;
				GCC_WARN_UNDECLARED_SELECTOR = YES;
				GCC_WARN_UNINITIALIZED_AUTOS = YES_AGGRESSIVE;
				GCC_WARN_UNUSED_FUNCTION = YES;
				GCC_WARN_UNUSED_VARIABLE = YES;
				IPHONEOS_DEPLOYMENT_TARGET = 13.2;
				MTL_ENABLE_DEBUG_INFO = NO;
				MTL_FAST_MATH = YES;
				SDKROOT = iphoneos;
				SWIFT_COMPILATION_MODE = wholemodule;
				SWIFT_OPTIMIZATION_LEVEL = "-O";
				VALIDATE_PRODUCT = YES;
			};
			name = Release;
		};
		EF63984723E0250D00D6ECE9 /* Debug */ = {
			isa = XCBuildConfiguration;
			buildSettings = {
				ASSETCATALOG_COMPILER_APPICON_NAME = AppIcon;
				CODE_SIGN_STYLE = Automatic;
				INFOPLIST_FILE = EmojiArt/Info.plist;
				LD_RUNPATH_SEARCH_PATHS = (
					"$(inherited)",
					"@executable_path/Frameworks",
				);
				PRODUCT_BUNDLE_IDENTIFIER = wangliang.EmojiArt;
				PRODUCT_NAME = "$(TARGET_NAME)";
				SWIFT_VERSION = 5.0;
				TARGETED_DEVICE_FAMILY = "1,2";
			};
			name = Debug;
		};
		EF63984823E0250D00D6ECE9 /* Release */ = {
			isa = XCBuildConfiguration;
			buildSettings = {
				ASSETCATALOG_COMPILER_APPICON_NAME = AppIcon;
				CODE_SIGN_STYLE = Automatic;
				INFOPLIST_FILE = EmojiArt/Info.plist;
				LD_RUNPATH_SEARCH_PATHS = (
					"$(inherited)",
					"@executable_path/Frameworks",
				);
				PRODUCT_BUNDLE_IDENTIFIER = wangliang.EmojiArt;
				PRODUCT_NAME = "$(TARGET_NAME)";
				SWIFT_VERSION = 5.0;
				TARGETED_DEVICE_FAMILY = "1,2";
			};
			name = Release;
		};
/* End XCBuildConfiguration section */

/* Begin XCConfigurationList section */
		EF63982D23E0250C00D6ECE9 /* Build configuration list for PBXProject "EmojiArt" */ = {
			isa = XCConfigurationList;
			buildConfigurations = (
				EF63984423E0250D00D6ECE9 /* Debug */,
				EF63984523E0250D00D6ECE9 /* Release */,
			);
			defaultConfigurationIsVisible = 0;
			defaultConfigurationName = Release;
		};
		EF63984623E0250D00D6ECE9 /* Build configuration list for PBXNativeTarget "EmojiArt" */ = {
			isa = XCConfigurationList;
			buildConfigurations = (
				EF63984723E0250D00D6ECE9 /* Debug */,
				EF63984823E0250D00D6ECE9 /* Release */,
			);
			defaultConfigurationIsVisible = 0;
			defaultConfigurationName = Release;
		};
/* End XCConfigurationList section */
	};
	rootObject = EF63982A23E0250C00D6ECE9 /* Project object */;
}
