// !$*UTF8*$!
{
	archiveVersion = 1;
	classes = {
	};
	objectVersion = 50;
	objects = {

/* Begin PBXBuildFile section */
		EFFA4BBF23CC1366003E1617 /* AppDelegate.swift in Sources */ = {isa = PBXBuildFile; fileRef = EFFA4BBE23CC1366003E1617 /* AppDelegate.swift */; };
		EFFA4BC123CC1366003E1617 /* SceneDelegate.swift in Sources */ = {isa = PBXBuildFile; fileRef = EFFA4BC023CC1366003E1617 /* SceneDelegate.swift */; };
		EFFA4BC323CC1366003E1617 /* ContentView.swift in Sources */ = {isa = PBXBuildFile; fileRef = EFFA4BC223CC1366003E1617 /* ContentView.swift */; };
		EFFA4BC523CC1367003E1617 /* Assets.xcassets in Resources */ = {isa = PBXBuildFile; fileRef = EFFA4BC423CC1367003E1617 /* Assets.xcassets */; };
		EFFA4BC823CC1367003E1617 /* Preview Assets.xcassets in Resources */ = {isa = PBXBuildFile; fileRef = EFFA4BC723CC1367003E1617 /* Preview Assets.xcassets */; };
		EFFA4BCB23CC1367003E1617 /* LaunchScreen.storyboard in Resources */ = {isa = PBXBuildFile; fileRef = EFFA4BC923CC1367003E1617 /* LaunchScreen.storyboard */; };
		EFFA4BD623CC1367003E1617 /* MyFirstAppTests.swift in Sources */ = {isa = PBXBuildFile; fileRef = EFFA4BD523CC1367003E1617 /* MyFirstAppTests.swift */; };
		EFFA4BE123CC1367003E1617 /* MyFirstAppUITests.swift in Sources */ = {isa = PBXBuildFile; fileRef = EFFA4BE023CC1367003E1617 /* MyFirstAppUITests.swift */; };
/* End PBXBuildFile section */

/* Begin PBXContainerItemProxy section */
		EFFA4BD223CC1367003E1617 /* PBXContainerItemProxy */ = {
			isa = PBXContainerItemProxy;
			containerPortal = EFFA4BB323CC1366003E1617 /* Project object */;
			proxyType = 1;
			remoteGlobalIDString = EFFA4BBA23CC1366003E1617;
			remoteInfo = MyFirstApp;
		};
		EFFA4BDD23CC1367003E1617 /* PBXContainerItemProxy */ = {
			isa = PBXContainerItemProxy;
			containerPortal = EFFA4BB323CC1366003E1617 /* Project object */;
			proxyType = 1;
			remoteGlobalIDString = EFFA4BBA23CC1366003E1617;
			remoteInfo = MyFirstApp;
		};
/* End PBXContainerItemProxy section */

/* Begin PBXFileReference section */
		EFFA4BBB23CC1366003E1617 /* MyFirstApp.app */ = {isa = PBXFileReference; explicitFileType = wrapper.application; includeInIndex = 0; path = MyFirstApp.app; sourceTree = BUILT_PRODUCTS_DIR; };
		EFFA4BBE23CC1366003E1617 /* AppDelegate.swift */ = {isa = PBXFileReference; lastKnownFileType = sourcecode.swift; path = AppDelegate.swift; sourceTree = "<group>"; };
		EFFA4BC023CC1366003E1617 /* SceneDelegate.swift */ = {isa = PBXFileReference; lastKnownFileType = sourcecode.swift; path = SceneDelegate.swift; sourceTree = "<group>"; };
		EFFA4BC223CC1366003E1617 /* ContentView.swift */ = {isa = PBXFileReference; lastKnownFileType = sourcecode.swift; path = ContentView.swift; sourceTree = "<group>"; };
		EFFA4BC423CC1367003E1617 /* Assets.xcassets */ = {isa = PBXFileReference; lastKnownFileType = folder.assetcatalog; path = Assets.xcassets; sourceTree = "<group>"; };
		EFFA4BC723CC1367003E1617 /* Preview Assets.xcassets */ = {isa = PBXFileReference; lastKnownFileType = folder.assetcatalog; path = "Preview Assets.xcassets"; sourceTree = "<group>"; };
		EFFA4BCA23CC1367003E1617 /* Base */ = {isa = PBXFileReference; lastKnownFileType = file.storyboard; name = Base; path = Base.lproj/LaunchScreen.storyboard; sourceTree = "<group>"; };
		EFFA4BCC23CC1367003E1617 /* Info.plist */ = {isa = PBXFileReference; lastKnownFileType = text.plist.xml; path = Info.plist; sourceTree = "<group>"; };
		EFFA4BD123CC1367003E1617 /* MyFirstAppTests.xctest */ = {isa = PBXFileReference; explicitFileType = wrapper.cfbundle; includeInIndex = 0; path = MyFirstAppTests.xctest; sourceTree = BUILT_PRODUCTS_DIR; };
		EFFA4BD523CC1367003E1617 /* MyFirstAppTests.swift */ = {isa = PBXFileReference; lastKnownFileType = sourcecode.swift; path = MyFirstAppTests.swift; sourceTree = "<group>"; };
		EFFA4BD723CC1367003E1617 /* Info.plist */ = {isa = PBXFileReference; lastKnownFileType = text.plist.xml; path = Info.plist; sourceTree = "<group>"; };
		EFFA4BDC23CC1367003E1617 /* MyFirstAppUITests.xctest */ = {isa = PBXFileReference; explicitFileType = wrapper.cfbundle; includeInIndex = 0; path = MyFirstAppUITests.xctest; sourceTree = BUILT_PRODUCTS_DIR; };
		EFFA4BE023CC1367003E1617 /* MyFirstAppUITests.swift */ = {isa = PBXFileReference; lastKnownFileType = sourcecode.swift; path = MyFirstAppUITests.swift; sourceTree = "<group>"; };
		EFFA4BE223CC1367003E1617 /* Info.plist */ = {isa = PBXFileReference; lastKnownFileType = text.plist.xml; path = Info.plist; sourceTree = "<group>"; };
/* End PBXFileReference section */

/* Begin PBXFrameworksBuildPhase section */
		EFFA4BB823CC1366003E1617 /* Frameworks */ = {
			isa = PBXFrameworksBuildPhase;
			buildActionMask = 2147483647;
			files = (
			);
			runOnlyForDeploymentPostprocessing = 0;
		};
		EFFA4BCE23CC1367003E1617 /* Frameworks */ = {
			isa = PBXFrameworksBuildPhase;
			buildActionMask = 2147483647;
			files = (
			);
			runOnlyForDeploymentPostprocessing = 0;
		};
		EFFA4BD923CC1367003E1617 /* Frameworks */ = {
			isa = PBXFrameworksBuildPhase;
			buildActionMask = 2147483647;
			files = (
			);
			runOnlyForDeploymentPostprocessing = 0;
		};
/* End PBXFrameworksBuildPhase section */

/* Begin PBXGroup section */
		EFFA4BB223CC1366003E1617 = {
			isa = PBXGroup;
			children = (
				EFFA4BBD23CC1366003E1617 /* MyFirstApp */,
				EFFA4BD423CC1367003E1617 /* MyFirstAppTests */,
				EFFA4BDF23CC1367003E1617 /* MyFirstAppUITests */,
				EFFA4BBC23CC1366003E1617 /* Products */,
			);
			sourceTree = "<group>";
		};
		EFFA4BBC23CC1366003E1617 /* Products */ = {
			isa = PBXGroup;
			children = (
				EFFA4BBB23CC1366003E1617 /* MyFirstApp.app */,
				EFFA4BD123CC1367003E1617 /* MyFirstAppTests.xctest */,
				EFFA4BDC23CC1367003E1617 /* MyFirstAppUITests.xctest */,
			);
			name = Products;
			sourceTree = "<group>";
		};
		EFFA4BBD23CC1366003E1617 /* MyFirstApp */ = {
			isa = PBXGroup;
			children = (
				EFFA4BBE23CC1366003E1617 /* AppDelegate.swift */,
				EFFA4BC023CC1366003E1617 /* SceneDelegate.swift */,
				EFFA4BC223CC1366003E1617 /* ContentView.swift */,
				EFFA4BC423CC1367003E1617 /* Assets.xcassets */,
				EFFA4BC923CC1367003E1617 /* LaunchScreen.storyboard */,
				EFFA4BCC23CC1367003E1617 /* Info.plist */,
				EFFA4BC623CC1367003E1617 /* Preview Content */,
			);
			path = MyFirstApp;
			sourceTree = "<group>";
		};
		EFFA4BC623CC1367003E1617 /* Preview Content */ = {
			isa = PBXGroup;
			children = (
				EFFA4BC723CC1367003E1617 /* Preview Assets.xcassets */,
			);
			path = "Preview Content";
			sourceTree = "<group>";
		};
		EFFA4BD423CC1367003E1617 /* MyFirstAppTests */ = {
			isa = PBXGroup;
			children = (
				EFFA4BD523CC1367003E1617 /* MyFirstAppTests.swift */,
				EFFA4BD723CC1367003E1617 /* Info.plist */,
			);
			path = MyFirstAppTests;
			sourceTree = "<group>";
		};
		EFFA4BDF23CC1367003E1617 /* MyFirstAppUITests */ = {
			isa = PBXGroup;
			children = (
				EFFA4BE023CC1367003E1617 /* MyFirstAppUITests.swift */,
				EFFA4BE223CC1367003E1617 /* Info.plist */,
			);
			path = MyFirstAppUITests;
			sourceTree = "<group>";
		};
/* End PBXGroup section */

/* Begin PBXNativeTarget section */
		EFFA4BBA23CC1366003E1617 /* MyFirstApp */ = {
			isa = PBXNativeTarget;
			buildConfigurationList = EFFA4BE523CC1367003E1617 /* Build configuration list for PBXNativeTarget "MyFirstApp" */;
			buildPhases = (
				EFFA4BB723CC1366003E1617 /* Sources */,
				EFFA4BB823CC1366003E1617 /* Frameworks */,
				EFFA4BB923CC1366003E1617 /* Resources */,
			);
			buildRules = (
			);
			dependencies = (
			);
			name = MyFirstApp;
			productName = MyFirstApp;
			productReference = EFFA4BBB23CC1366003E1617 /* MyFirstApp.app */;
			productType = "com.apple.product-type.application";
		};
		EFFA4BD023CC1367003E1617 /* MyFirstAppTests */ = {
			isa = PBXNativeTarget;
			buildConfigurationList = EFFA4BE823CC1367003E1617 /* Build configuration list for PBXNativeTarget "MyFirstAppTests" */;
			buildPhases = (
				EFFA4BCD23CC1367003E1617 /* Sources */,
				EFFA4BCE23CC1367003E1617 /* Frameworks */,
				EFFA4BCF23CC1367003E1617 /* Resources */,
			);
			buildRules = (
			);
			dependencies = (
				EFFA4BD323CC1367003E1617 /* PBXTargetDependency */,
			);
			name = MyFirstAppTests;
			productName = MyFirstAppTests;
			productReference = EFFA4BD123CC1367003E1617 /* MyFirstAppTests.xctest */;
			productType = "com.apple.product-type.bundle.unit-test";
		};
		EFFA4BDB23CC1367003E1617 /* MyFirstAppUITests */ = {
			isa = PBXNativeTarget;
			buildConfigurationList = EFFA4BEB23CC1367003E1617 /* Build configuration list for PBXNativeTarget "MyFirstAppUITests" */;
			buildPhases = (
				EFFA4BD823CC1367003E1617 /* Sources */,
				EFFA4BD923CC1367003E1617 /* Frameworks */,
				EFFA4BDA23CC1367003E1617 /* Resources */,
			);
			buildRules = (
			);
			dependencies = (
				EFFA4BDE23CC1367003E1617 /* PBXTargetDependency */,
			);
			name = MyFirstAppUITests;
			productName = MyFirstAppUITests;
			productReference = EFFA4BDC23CC1367003E1617 /* MyFirstAppUITests.xctest */;
			productType = "com.apple.product-type.bundle.ui-testing";
		};
/* End PBXNativeTarget section */

/* Begin PBXProject section */
		EFFA4BB323CC1366003E1617 /* Project object */ = {
			isa = PBXProject;
			attributes = {
				LastSwiftUpdateCheck = 1110;
				LastUpgradeCheck = 1110;
				ORGANIZATIONNAME = "王亮";
				TargetAttributes = {
					EFFA4BBA23CC1366003E1617 = {
						CreatedOnToolsVersion = 11.1;
					};
					EFFA4BD023CC1367003E1617 = {
						CreatedOnToolsVersion = 11.1;
						TestTargetID = EFFA4BBA23CC1366003E1617;
					};
					EFFA4BDB23CC1367003E1617 = {
						CreatedOnToolsVersion = 11.1;
						TestTargetID = EFFA4BBA23CC1366003E1617;
					};
				};
			};
			buildConfigurationList = EFFA4BB623CC1366003E1617 /* Build configuration list for PBXProject "MyFirstApp" */;
			compatibilityVersion = "Xcode 9.3";
			developmentRegion = en;
			hasScannedForEncodings = 0;
			knownRegions = (
				en,
				Base,
			);
			mainGroup = EFFA4BB223CC1366003E1617;
			productRefGroup = EFFA4BBC23CC1366003E1617 /* Products */;
			projectDirPath = "";
			projectRoot = "";
			targets = (
				EFFA4BBA23CC1366003E1617 /* MyFirstApp */,
				EFFA4BD023CC1367003E1617 /* MyFirstAppTests */,
				EFFA4BDB23CC1367003E1617 /* MyFirstAppUITests */,
			);
		};
/* End PBXProject section */

/* Begin PBXResourcesBuildPhase section */
		EFFA4BB923CC1366003E1617 /* Resources */ = {
			isa = PBXResourcesBuildPhase;
			buildActionMask = 2147483647;
			files = (
				EFFA4BCB23CC1367003E1617 /* LaunchScreen.storyboard in Resources */,
				EFFA4BC823CC1367003E1617 /* Preview Assets.xcassets in Resources */,
				EFFA4BC523CC1367003E1617 /* Assets.xcassets in Resources */,
			);
			runOnlyForDeploymentPostprocessing = 0;
		};
		EFFA4BCF23CC1367003E1617 /* Resources */ = {
			isa = PBXResourcesBuildPhase;
			buildActionMask = 2147483647;
			files = (
			);
			runOnlyForDeploymentPostprocessing = 0;
		};
		EFFA4BDA23CC1367003E1617 /* Resources */ = {
			isa = PBXResourcesBuildPhase;
			buildActionMask = 2147483647;
			files = (
			);
			runOnlyForDeploymentPostprocessing = 0;
		};
/* End PBXResourcesBuildPhase section */

/* Begin PBXSourcesBuildPhase section */
		EFFA4BB723CC1366003E1617 /* Sources */ = {
			isa = PBXSourcesBuildPhase;
			buildActionMask = 2147483647;
			files = (
				EFFA4BBF23CC1366003E1617 /* AppDelegate.swift in Sources */,
				EFFA4BC123CC1366003E1617 /* SceneDelegate.swift in Sources */,
				EFFA4BC323CC1366003E1617 /* ContentView.swift in Sources */,
			);
			runOnlyForDeploymentPostprocessing = 0;
		};
		EFFA4BCD23CC1367003E1617 /* Sources */ = {
			isa = PBXSourcesBuildPhase;
			buildActionMask = 2147483647;
			files = (
				EFFA4BD623CC1367003E1617 /* MyFirstAppTests.swift in Sources */,
			);
			runOnlyForDeploymentPostprocessing = 0;
		};
		EFFA4BD823CC1367003E1617 /* Sources */ = {
			isa = PBXSourcesBuildPhase;
			buildActionMask = 2147483647;
			files = (
				EFFA4BE123CC1367003E1617 /* MyFirstAppUITests.swift in Sources */,
			);
			runOnlyForDeploymentPostprocessing = 0;
		};
/* End PBXSourcesBuildPhase section */

/* Begin PBXTargetDependency section */
		EFFA4BD323CC1367003E1617 /* PBXTargetDependency */ = {
			isa = PBXTargetDependency;
			target = EFFA4BBA23CC1366003E1617 /* MyFirstApp */;
			targetProxy = EFFA4BD223CC1367003E1617 /* PBXContainerItemProxy */;
		};
		EFFA4BDE23CC1367003E1617 /* PBXTargetDependency */ = {
			isa = PBXTargetDependency;
			target = EFFA4BBA23CC1366003E1617 /* MyFirstApp */;
			targetProxy = EFFA4BDD23CC1367003E1617 /* PBXContainerItemProxy */;
		};
/* End PBXTargetDependency section */

/* Begin PBXVariantGroup section */
		EFFA4BC923CC1367003E1617 /* LaunchScreen.storyboard */ = {
			isa = PBXVariantGroup;
			children = (
				EFFA4BCA23CC1367003E1617 /* Base */,
			);
			name = LaunchScreen.storyboard;
			sourceTree = "<group>";
		};
/* End PBXVariantGroup section */

/* Begin XCBuildConfiguration section */
		EFFA4BE323CC1367003E1617 /* Debug */ = {
			isa = XCBuildConfiguration;
			buildSettings = {
				ALWAYS_SEARCH_USER_PATHS = NO;
				CLANG_ANALYZER_NONNULL = YES;
				CLANG_ANALYZER_NUMBER_OBJECT_CONVERSION = YES_AGGRESSIVE;
				CLANG_CXX_LANGUAGE_STANDARD = "gnu++14";
				CLANG_CXX_LIBRARY = "libc++";
				CLANG_ENABLE_MODULES = YES;
				CLANG_ENABLE_OBJC_ARC = YES;
				CLANG_ENABLE_OBJC_WEAK = YES;
				CLANG_WARN_BLOCK_CAPTURE_AUTORELEASING = YES;
				CLANG_WARN_BOOL_CONVERSION = YES;
				CLANG_WARN_COMMA = YES;
				CLANG_WARN_CONSTANT_CONVERSION = YES;
				CLANG_WARN_DEPRECATED_OBJC_IMPLEMENTATIONS = YES;
				CLANG_WARN_DIRECT_OBJC_ISA_USAGE = YES_ERROR;
				CLANG_WARN_DOCUMENTATION_COMMENTS = YES;
				CLANG_WARN_EMPTY_BODY = YES;
				CLANG_WARN_ENUM_CONVERSION = YES;
				CLANG_WARN_INFINITE_RECURSION = YES;
				CLANG_WARN_INT_CONVERSION = YES;
				CLANG_WARN_NON_LITERAL_NULL_CONVERSION = YES;
				CLANG_WARN_OBJC_IMPLICIT_RETAIN_SELF = YES;
				CLANG_WARN_OBJC_LITERAL_CONVERSION = YES;
				CLANG_WARN_OBJC_ROOT_CLASS = YES_ERROR;
				CLANG_WARN_RANGE_LOOP_ANALYSIS = YES;
				CLANG_WARN_STRICT_PROTOTYPES = YES;
				CLANG_WARN_SUSPICIOUS_MOVE = YES;
				CLANG_WARN_UNGUARDED_AVAILABILITY = YES_AGGRESSIVE;
				CLANG_WARN_UNREACHABLE_CODE = YES;
				CLANG_WARN__DUPLICATE_METHOD_MATCH = YES;
				COPY_PHASE_STRIP = NO;
				DEBUG_INFORMATION_FORMAT = dwarf;
				ENABLE_STRICT_OBJC_MSGSEND = YES;
				ENABLE_TESTABILITY = YES;
				GCC_C_LANGUAGE_STANDARD = gnu11;
				GCC_DYNAMIC_NO_PIC = NO;
				GCC_NO_COMMON_BLOCKS = YES;
				GCC_OPTIMIZATION_LEVEL = 0;
				GCC_PREPROCESSOR_DEFINITIONS = (
					"DEBUG=1",
					"$(inherited)",
				);
				GCC_WARN_64_TO_32_BIT_CONVERSION = YES;
				GCC_WARN_ABOUT_RETURN_TYPE = YES_ERROR;
				GCC_WARN_UNDECLARED_SELECTOR = YES;
				GCC_WARN_UNINITIALIZED_AUTOS = YES_AGGRESSIVE;
				GCC_WARN_UNUSED_FUNCTION = YES;
				GCC_WARN_UNUSED_VARIABLE = YES;
				IPHONEOS_DEPLOYMENT_TARGET = 13.1;
				MTL_ENABLE_DEBUG_INFO = INCLUDE_SOURCE;
				MTL_FAST_MATH = YES;
				ONLY_ACTIVE_ARCH = YES;
				SDKROOT = iphoneos;
				SWIFT_ACTIVE_COMPILATION_CONDITIONS = DEBUG;
				SWIFT_OPTIMIZATION_LEVEL = "-Onone";
			};
			name = Debug;
		};
		EFFA4BE423CC1367003E1617 /* Release */ = {
			isa = XCBuildConfiguration;
			buildSettings = {
				ALWAYS_SEARCH_USER_PATHS = NO;
				CLANG_ANALYZER_NONNULL = YES;
				CLANG_ANALYZER_NUMBER_OBJECT_CONVERSION = YES_AGGRESSIVE;
				CLANG_CXX_LANGUAGE_STANDARD = "gnu++14";
				CLANG_CXX_LIBRARY = "libc++";
				CLANG_ENABLE_MODULES = YES;
				CLANG_ENABLE_OBJC_ARC = YES;
				CLANG_ENABLE_OBJC_WEAK = YES;
				CLANG_WARN_BLOCK_CAPTURE_AUTORELEASING = YES;
				CLANG_WARN_BOOL_CONVERSION = YES;
				CLANG_WARN_COMMA = YES;
				CLANG_WARN_CONSTANT_CONVERSION = YES;
				CLANG_WARN_DEPRECATED_OBJC_IMPLEMENTATIONS = YES;
				CLANG_WARN_DIRECT_OBJC_ISA_USAGE = YES_ERROR;
				CLANG_WARN_DOCUMENTATION_COMMENTS = YES;
				CLANG_WARN_EMPTY_BODY = YES;
				CLANG_WARN_ENUM_CONVERSION = YES;
				CLANG_WARN_INFINITE_RECURSION = YES;
				CLANG_WARN_INT_CONVERSION = YES;
				CLANG_WARN_NON_LITERAL_NULL_CONVERSION = YES;
				CLANG_WARN_OBJC_IMPLICIT_RETAIN_SELF = YES;
				CLANG_WARN_OBJC_LITERAL_CONVERSION = YES;
				CLANG_WARN_OBJC_ROOT_CLASS = YES_ERROR;
				CLANG_WARN_RANGE_LOOP_ANALYSIS = YES;
				CLANG_WARN_STRICT_PROTOTYPES = YES;
				CLANG_WARN_SUSPICIOUS_MOVE = YES;
				CLANG_WARN_UNGUARDED_AVAILABILITY = YES_AGGRESSIVE;
				CLANG_WARN_UNREACHABLE_CODE = YES;
				CLANG_WARN__DUPLICATE_METHOD_MATCH = YES;
				COPY_PHASE_STRIP = NO;
				DEBUG_INFORMATION_FORMAT = "dwarf-with-dsym";
				ENABLE_NS_ASSERTIONS = NO;
				ENABLE_STRICT_OBJC_MSGSEND = YES;
				GCC_C_LANGUAGE_STANDARD = gnu11;
				GCC_NO_COMMON_BLOCKS = YES;
				GCC_WARN_64_TO_32_BIT_CONVERSION = YES;
				GCC_WARN_ABOUT_RETURN_TYPE = YES_ERROR;
				GCC_WARN_UNDECLARED_SELECTOR = YES;
				GCC_WARN_UNINITIALIZED_AUTOS = YES_AGGRESSIVE;
				GCC_WARN_UNUSED_FUNCTION = YES;
				GCC_WARN_UNUSED_VARIABLE = YES;
				IPHONEOS_DEPLOYMENT_TARGET = 13.1;
				MTL_ENABLE_DEBUG_INFO = NO;
				MTL_FAST_MATH = YES;
				SDKROOT = iphoneos;
				SWIFT_COMPILATION_MODE = wholemodule;
				SWIFT_OPTIMIZATION_LEVEL = "-O";
				VALIDATE_PRODUCT = YES;
			};
			name = Release;
		};
		EFFA4BE623CC1367003E1617 /* Debug */ = {
			isa = XCBuildConfiguration;
			buildSettings = {
				ASSETCATALOG_COMPILER_APPICON_NAME = AppIcon;
				CODE_SIGN_STYLE = Automatic;
				DEVELOPMENT_ASSET_PATHS = "\"MyFirstApp/Preview Content\"";
				ENABLE_PREVIEWS = YES;
				INFOPLIST_FILE = MyFirstApp/Info.plist;
				LD_RUNPATH_SEARCH_PATHS = (
					"$(inherited)",
					"@executable_path/Frameworks",
				);
				PRODUCT_BUNDLE_IDENTIFIER = wangliang.MyFirstApp;
				PRODUCT_NAME = "$(TARGET_NAME)";
				SWIFT_VERSION = 5.0;
				TARGETED_DEVICE_FAMILY = "1,2";
			};
			name = Debug;
		};
		EFFA4BE723CC1367003E1617 /* Release */ = {
			isa = XCBuildConfiguration;
			buildSettings = {
				ASSETCATALOG_COMPILER_APPICON_NAME = AppIcon;
				CODE_SIGN_STYLE = Automatic;
				DEVELOPMENT_ASSET_PATHS = "\"MyFirstApp/Preview Content\"";
				ENABLE_PREVIEWS = YES;
				INFOPLIST_FILE = MyFirstApp/Info.plist;
				LD_RUNPATH_SEARCH_PATHS = (
					"$(inherited)",
					"@executable_path/Frameworks",
				);
				PRODUCT_BUNDLE_IDENTIFIER = wangliang.MyFirstApp;
				PRODUCT_NAME = "$(TARGET_NAME)";
				SWIFT_VERSION = 5.0;
				TARGETED_DEVICE_FAMILY = "1,2";
			};
			name = Release;
		};
		EFFA4BE923CC1367003E1617 /* Debug */ = {
			isa = XCBuildConfiguration;
			buildSettings = {
				ALWAYS_EMBED_SWIFT_STANDARD_LIBRARIES = YES;
				BUNDLE_LOADER = "$(TEST_HOST)";
				CODE_SIGN_STYLE = Automatic;
				INFOPLIST_FILE = MyFirstAppTests/Info.plist;
				IPHONEOS_DEPLOYMENT_TARGET = 13.1;
				LD_RUNPATH_SEARCH_PATHS = (
					"$(inherited)",
					"@executable_path/Frameworks",
					"@loader_path/Frameworks",
				);
				PRODUCT_BUNDLE_IDENTIFIER = wangliang.MyFirstAppTests;
				PRODUCT_NAME = "$(TARGET_NAME)";
				SWIFT_VERSION = 5.0;
				TARGETED_DEVICE_FAMILY = "1,2";
				TEST_HOST = "$(BUILT_PRODUCTS_DIR)/MyFirstApp.app/MyFirstApp";
			};
			name = Debug;
		};
		EFFA4BEA23CC1367003E1617 /* Release */ = {
			isa = XCBuildConfiguration;
			buildSettings = {
				ALWAYS_EMBED_SWIFT_STANDARD_LIBRARIES = YES;
				BUNDLE_LOADER = "$(TEST_HOST)";
				CODE_SIGN_STYLE = Automatic;
				INFOPLIST_FILE = MyFirstAppTests/Info.plist;
				IPHONEOS_DEPLOYMENT_TARGET = 13.1;
				LD_RUNPATH_SEARCH_PATHS = (
					"$(inherited)",
					"@executable_path/Frameworks",
					"@loader_path/Frameworks",
				);
				PRODUCT_BUNDLE_IDENTIFIER = wangliang.MyFirstAppTests;
				PRODUCT_NAME = "$(TARGET_NAME)";
				SWIFT_VERSION = 5.0;
				TARGETED_DEVICE_FAMILY = "1,2";
				TEST_HOST = "$(BUILT_PRODUCTS_DIR)/MyFirstApp.app/MyFirstApp";
			};
			name = Release;
		};
		EFFA4BEC23CC1367003E1617 /* Debug */ = {
			isa = XCBuildConfiguration;
			buildSettings = {
				ALWAYS_EMBED_SWIFT_STANDARD_LIBRARIES = YES;
				CODE_SIGN_STYLE = Automatic;
				INFOPLIST_FILE = MyFirstAppUITests/Info.plist;
				LD_RUNPATH_SEARCH_PATHS = (
					"$(inherited)",
					"@executable_path/Frameworks",
					"@loader_path/Frameworks",
				);
				PRODUCT_BUNDLE_IDENTIFIER = wangliang.MyFirstAppUITests;
				PRODUCT_NAME = "$(TARGET_NAME)";
				SWIFT_VERSION = 5.0;
				TARGETED_DEVICE_FAMILY = "1,2";
				TEST_TARGET_NAME = MyFirstApp;
			};
			name = Debug;
		};
		EFFA4BED23CC1367003E1617 /* Release */ = {
			isa = XCBuildConfiguration;
			buildSettings = {
				ALWAYS_EMBED_SWIFT_STANDARD_LIBRARIES = YES;
				CODE_SIGN_STYLE = Automatic;
				INFOPLIST_FILE = MyFirstAppUITests/Info.plist;
				LD_RUNPATH_SEARCH_PATHS = (
					"$(inherited)",
					"@executable_path/Frameworks",
					"@loader_path/Frameworks",
				);
				PRODUCT_BUNDLE_IDENTIFIER = wangliang.MyFirstAppUITests;
				PRODUCT_NAME = "$(TARGET_NAME)";
				SWIFT_VERSION = 5.0;
				TARGETED_DEVICE_FAMILY = "1,2";
				TEST_TARGET_NAME = MyFirstApp;
			};
			name = Release;
		};
/* End XCBuildConfiguration section */

/* Begin XCConfigurationList section */
		EFFA4BB623CC1366003E1617 /* Build configuration list for PBXProject "MyFirstApp" */ = {
			isa = XCConfigurationList;
			buildConfigurations = (
				EFFA4BE323CC1367003E1617 /* Debug */,
				EFFA4BE423CC1367003E1617 /* Release */,
			);
			defaultConfigurationIsVisible = 0;
			defaultConfigurationName = Release;
		};
		EFFA4BE523CC1367003E1617 /* Build configuration list for PBXNativeTarget "MyFirstApp" */ = {
			isa = XCConfigurationList;
			buildConfigurations = (
				EFFA4BE623CC1367003E1617 /* Debug */,
				EFFA4BE723CC1367003E1617 /* Release */,
			);
			defaultConfigurationIsVisible = 0;
			defaultConfigurationName = Release;
		};
		EFFA4BE823CC1367003E1617 /* Build configuration list for PBXNativeTarget "MyFirstAppTests" */ = {
			isa = XCConfigurationList;
			buildConfigurations = (
				EFFA4BE923CC1367003E1617 /* Debug */,
				EFFA4BEA23CC1367003E1617 /* Release */,
			);
			defaultConfigurationIsVisible = 0;
			defaultConfigurationName = Release;
		};
		EFFA4BEB23CC1367003E1617 /* Build configuration list for PBXNativeTarget "MyFirstAppUITests" */ = {
			isa = XCConfigurationList;
			buildConfigurations = (
				EFFA4BEC23CC1367003E1617 /* Debug */,
				EFFA4BED23CC1367003E1617 /* Release */,
			);
			defaultConfigurationIsVisible = 0;
			defaultConfigurationName = Release;
		};
/* End XCConfigurationList section */
	};
	rootObject = EFFA4BB323CC1366003E1617 /* Project object */;
}
