// !$*UTF8*$!
{
	archiveVersion = 1;
	classes = {
	};
	objectVersion = 50;
	objects = {

/* Begin PBXBuildFile section */
		EF6178B723D7FD9E00B3C4EF /* PlayingCard.swift in Sources */ = {isa = PBXBuildFile; fileRef = EF6178B623D7FD9E00B3C4EF /* PlayingCard.swift */; };
		EF6178B923D804CD00B3C4EF /* PlayingCardDeck.swift in Sources */ = {isa = PBXBuildFile; fileRef = EF6178B823D804CD00B3C4EF /* PlayingCardDeck.swift */; };
		EF6178BB23D858AE00B3C4EF /* PlayingCardView.swift in Sources */ = {isa = PBXBuildFile; fileRef = EF6178BA23D858AE00B3C4EF /* PlayingCardView.swift */; };
		EF785AB723D7FD380017232C /* AppDelegate.swift in Sources */ = {isa = PBXBuildFile; fileRef = EF785AB623D7FD380017232C /* AppDelegate.swift */; };
		EF785AB923D7FD380017232C /* SceneDelegate.swift in Sources */ = {isa = PBXBuildFile; fileRef = EF785AB823D7FD380017232C /* SceneDelegate.swift */; };
		EF785ABB23D7FD380017232C /* ViewController.swift in Sources */ = {isa = PBXBuildFile; fileRef = EF785ABA23D7FD380017232C /* ViewController.swift */; };
		EF785ABE23D7FD380017232C /* Main.storyboard in Resources */ = {isa = PBXBuildFile; fileRef = EF785ABC23D7FD380017232C /* Main.storyboard */; };
		EF785AC023D7FD390017232C /* Assets.xcassets in Resources */ = {isa = PBXBuildFile; fileRef = EF785ABF23D7FD390017232C /* Assets.xcassets */; };
		EF785AC323D7FD390017232C /* LaunchScreen.storyboard in Resources */ = {isa = PBXBuildFile; fileRef = EF785AC123D7FD390017232C /* LaunchScreen.storyboard */; };
/* End PBXBuildFile section */

/* Begin PBXFileReference section */
		EF6178B623D7FD9E00B3C4EF /* PlayingCard.swift */ = {isa = PBXFileReference; lastKnownFileType = sourcecode.swift; path = PlayingCard.swift; sourceTree = "<group>"; };
		EF6178B823D804CD00B3C4EF /* PlayingCardDeck.swift */ = {isa = PBXFileReference; lastKnownFileType = sourcecode.swift; path = PlayingCardDeck.swift; sourceTree = "<group>"; };
		EF6178BA23D858AE00B3C4EF /* PlayingCardView.swift */ = {isa = PBXFileReference; lastKnownFileType = sourcecode.swift; path = PlayingCardView.swift; sourceTree = "<group>"; };
		EF785AB323D7FD380017232C /* PlayingCard.app */ = {isa = PBXFileReference; explicitFileType = wrapper.application; includeInIndex = 0; path = PlayingCard.app; sourceTree = BUILT_PRODUCTS_DIR; };
		EF785AB623D7FD380017232C /* AppDelegate.swift */ = {isa = PBXFileReference; lastKnownFileType = sourcecode.swift; path = AppDelegate.swift; sourceTree = "<group>"; };
		EF785AB823D7FD380017232C /* SceneDelegate.swift */ = {isa = PBXFileReference; lastKnownFileType = sourcecode.swift; path = SceneDelegate.swift; sourceTree = "<group>"; };
		EF785ABA23D7FD380017232C /* ViewController.swift */ = {isa = PBXFileReference; lastKnownFileType = sourcecode.swift; path = ViewController.swift; sourceTree = "<group>"; };
		EF785ABD23D7FD380017232C /* Base */ = {isa = PBXFileReference; lastKnownFileType = file.storyboard; name = Base; path = Base.lproj/Main.storyboard; sourceTree = "<group>"; };
		EF785ABF23D7FD390017232C /* Assets.xcassets */ = {isa = PBXFileReference; lastKnownFileType = folder.assetcatalog; path = Assets.xcassets; sourceTree = "<group>"; };
		EF785AC223D7FD390017232C /* Base */ = {isa = PBXFileReference; lastKnownFileType = file.storyboard; name = Base; path = Base.lproj/LaunchScreen.storyboard; sourceTree = "<group>"; };
		EF785AC423D7FD390017232C /* Info.plist */ = {isa = PBXFileReference; lastKnownFileType = text.plist.xml; path = Info.plist; sourceTree = "<group>"; };
/* End PBXFileReference section */

/* Begin PBXFrameworksBuildPhase section */
		EF785AB023D7FD380017232C /* Frameworks */ = {
			isa = PBXFrameworksBuildPhase;
			buildActionMask = 2147483647;
			files = (
			);
			runOnlyForDeploymentPostprocessing = 0;
		};
/* End PBXFrameworksBuildPhase section */

/* Begin PBXGroup section */
		EF18AA8F23E7E53200482476 /* Supporting Files */ = {
			isa = PBXGroup;
			children = (
				EF785AB623D7FD380017232C /* AppDelegate.swift */,
				EF785AB823D7FD380017232C /* SceneDelegate.swift */,
				EF785ABF23D7FD390017232C /* Assets.xcassets */,
				EF785AC123D7FD390017232C /* LaunchScreen.storyboard */,
			);
			path = "Supporting Files";
			sourceTree = "<group>";
		};
		EF785AAA23D7FD380017232C = {
			isa = PBXGroup;
			children = (
				EF785AB523D7FD380017232C /* PlayingCard */,
				EF785AB423D7FD380017232C /* Products */,
			);
			sourceTree = "<group>";
		};
		EF785AB423D7FD380017232C /* Products */ = {
			isa = PBXGroup;
			children = (
				EF785AB323D7FD380017232C /* PlayingCard.app */,
			);
			name = Products;
			sourceTree = "<group>";
		};
		EF785AB523D7FD380017232C /* PlayingCard */ = {
			isa = PBXGroup;
			children = (
				EF785ABC23D7FD380017232C /* Main.storyboard */,
				EF785ABA23D7FD380017232C /* ViewController.swift */,
				EF6178B623D7FD9E00B3C4EF /* PlayingCard.swift */,
				EF6178B823D804CD00B3C4EF /* PlayingCardDeck.swift */,
				EF6178BA23D858AE00B3C4EF /* PlayingCardView.swift */,
				EF18AA8F23E7E53200482476 /* Supporting Files */,
				EF785AC423D7FD390017232C /* Info.plist */,
			);
			path = PlayingCard;
			sourceTree = "<group>";
		};
/* End PBXGroup section */

/* Begin PBXNativeTarget section */
		EF785AB223D7FD380017232C /* PlayingCard */ = {
			isa = PBXNativeTarget;
			buildConfigurationList = EF785AC723D7FD390017232C /* Build configuration list for PBXNativeTarget "PlayingCard" */;
			buildPhases = (
				EF785AAF23D7FD380017232C /* Sources */,
				EF785AB023D7FD380017232C /* Frameworks */,
				EF785AB123D7FD380017232C /* Resources */,
			);
			buildRules = (
			);
			dependencies = (
			);
			name = PlayingCard;
			productName = PlayingCard;
			productReference = EF785AB323D7FD380017232C /* PlayingCard.app */;
			productType = "com.apple.product-type.application";
		};
/* End PBXNativeTarget section */

/* Begin PBXProject section */
		EF785AAB23D7FD380017232C /* Project object */ = {
			isa = PBXProject;
			attributes = {
				LastSwiftUpdateCheck = 1110;
				LastUpgradeCheck = 1110;
				ORGANIZATIONNAME = "王亮";
				TargetAttributes = {
					EF785AB223D7FD380017232C = {
						CreatedOnToolsVersion = 11.1;
					};
				};
			};
			buildConfigurationList = EF785AAE23D7FD380017232C /* Build configuration list for PBXProject "PlayingCard" */;
			compatibilityVersion = "Xcode 9.3";
			developmentRegion = en;
			hasScannedForEncodings = 0;
			knownRegions = (
				en,
				Base,
			);
			mainGroup = EF785AAA23D7FD380017232C;
			productRefGroup = EF785AB423D7FD380017232C /* Products */;
			projectDirPath = "";
			projectRoot = "";
			targets = (
				EF785AB223D7FD380017232C /* PlayingCard */,
			);
		};
/* End PBXProject section */

/* Begin PBXResourcesBuildPhase section */
		EF785AB123D7FD380017232C /* Resources */ = {
			isa = PBXResourcesBuildPhase;
			buildActionMask = 2147483647;
			files = (
				EF785AC323D7FD390017232C /* LaunchScreen.storyboard in Resources */,
				EF785AC023D7FD390017232C /* Assets.xcassets in Resources */,
				EF785ABE23D7FD380017232C /* Main.storyboard in Resources */,
			);
			runOnlyForDeploymentPostprocessing = 0;
		};
/* End PBXResourcesBuildPhase section */

/* Begin PBXSourcesBuildPhase section */
		EF785AAF23D7FD380017232C /* Sources */ = {
			isa = PBXSourcesBuildPhase;
			buildActionMask = 2147483647;
			files = (
				EF785ABB23D7FD380017232C /* ViewController.swift in Sources */,
				EF6178BB23D858AE00B3C4EF /* PlayingCardView.swift in Sources */,
				EF785AB723D7FD380017232C /* AppDelegate.swift in Sources */,
				EF6178B923D804CD00B3C4EF /* PlayingCardDeck.swift in Sources */,
				EF6178B723D7FD9E00B3C4EF /* PlayingCard.swift in Sources */,
				EF785AB923D7FD380017232C /* SceneDelegate.swift in Sources */,
			);
			runOnlyForDeploymentPostprocessing = 0;
		};
/* End PBXSourcesBuildPhase section */

/* Begin PBXVariantGroup section */
		EF785ABC23D7FD380017232C /* Main.storyboard */ = {
			isa = PBXVariantGroup;
			children = (
				EF785ABD23D7FD380017232C /* Base */,
			);
			name = Main.storyboard;
			sourceTree = "<group>";
		};
		EF785AC123D7FD390017232C /* LaunchScreen.storyboard */ = {
			isa = PBXVariantGroup;
			children = (
				EF785AC223D7FD390017232C /* Base */,
			);
			name = LaunchScreen.storyboard;
			sourceTree = "<group>";
		};
/* End PBXVariantGroup section */

/* Begin XCBuildConfiguration section */
		EF785AC523D7FD390017232C /* Debug */ = {
			isa = XCBuildConfiguration;
			buildSettings = {
				ALWAYS_SEARCH_USER_PATHS = NO;
				CLANG_ANALYZER_NONNULL = YES;
				CLANG_ANALYZER_NUMBER_OBJECT_CONVERSION = YES_AGGRESSIVE;
				CLANG_CXX_LANGUAGE_STANDARD = "gnu++14";
				CLANG_CXX_LIBRARY = "libc++";
				CLANG_ENABLE_MODULES = YES;
				CLANG_ENABLE_OBJC_ARC = YES;
				CLANG_ENABLE_OBJC_WEAK = YES;
				CLANG_WARN_BLOCK_CAPTURE_AUTORELEASING = YES;
				CLANG_WARN_BOOL_CONVERSION = YES;
				CLANG_WARN_COMMA = YES;
				CLANG_WARN_CONSTANT_CONVERSION = YES;
				CLANG_WARN_DEPRECATED_OBJC_IMPLEMENTATIONS = YES;
				CLANG_WARN_DIRECT_OBJC_ISA_USAGE = YES_ERROR;
				CLANG_WARN_DOCUMENTATION_COMMENTS = YES;
				CLANG_WARN_EMPTY_BODY = YES;
				CLANG_WARN_ENUM_CONVERSION = YES;
				CLANG_WARN_INFINITE_RECURSION = YES;
				CLANG_WARN_INT_CONVERSION = YES;
				CLANG_WARN_NON_LITERAL_NULL_CONVERSION = YES;
				CLANG_WARN_OBJC_IMPLICIT_RETAIN_SELF = YES;
				CLANG_WARN_OBJC_LITERAL_CONVERSION = YES;
				CLANG_WARN_OBJC_ROOT_CLASS = YES_ERROR;
				CLANG_WARN_RANGE_LOOP_ANALYSIS = YES;
				CLANG_WARN_STRICT_PROTOTYPES = YES;
				CLANG_WARN_SUSPICIOUS_MOVE = YES;
				CLANG_WARN_UNGUARDED_AVAILABILITY = YES_AGGRESSIVE;
				CLANG_WARN_UNREACHABLE_CODE = YES;
				CLANG_WARN__DUPLICATE_METHOD_MATCH = YES;
				COPY_PHASE_STRIP = NO;
				DEBUG_INFORMATION_FORMAT = dwarf;
				ENABLE_STRICT_OBJC_MSGSEND = YES;
				ENABLE_TESTABILITY = YES;
				GCC_C_LANGUAGE_STANDARD = gnu11;
				GCC_DYNAMIC_NO_PIC = NO;
				GCC_NO_COMMON_BLOCKS = YES;
				GCC_OPTIMIZATION_LEVEL = 0;
				GCC_PREPROCESSOR_DEFINITIONS = (
					"DEBUG=1",
					"$(inherited)",
				);
				GCC_WARN_64_TO_32_BIT_CONVERSION = YES;
				GCC_WARN_ABOUT_RETURN_TYPE = YES_ERROR;
				GCC_WARN_UNDECLARED_SELECTOR = YES;
				GCC_WARN_UNINITIALIZED_AUTOS = YES_AGGRESSIVE;
				GCC_WARN_UNUSED_FUNCTION = YES;
				GCC_WARN_UNUSED_VARIABLE = YES;
				IPHONEOS_DEPLOYMENT_TARGET = 13.1;
				MTL_ENABLE_DEBUG_INFO = INCLUDE_SOURCE;
				MTL_FAST_MATH = YES;
				ONLY_ACTIVE_ARCH = YES;
				SDKROOT = iphoneos;
				SWIFT_ACTIVE_COMPILATION_CONDITIONS = DEBUG;
				SWIFT_OPTIMIZATION_LEVEL = "-Onone";
			};
			name = Debug;
		};
		EF785AC623D7FD390017232C /* Release */ = {
			isa = XCBuildConfiguration;
			buildSettings = {
				ALWAYS_SEARCH_USER_PATHS = NO;
				CLANG_ANALYZER_NONNULL = YES;
				CLANG_ANALYZER_NUMBER_OBJECT_CONVERSION = YES_AGGRESSIVE;
				CLANG_CXX_LANGUAGE_STANDARD = "gnu++14";
				CLANG_CXX_LIBRARY = "libc++";
				CLANG_ENABLE_MODULES = YES;
				CLANG_ENABLE_OBJC_ARC = YES;
				CLANG_ENABLE_OBJC_WEAK = YES;
				CLANG_WARN_BLOCK_CAPTURE_AUTORELEASING = YES;
				CLANG_WARN_BOOL_CONVERSION = YES;
				CLANG_WARN_COMMA = YES;
				CLANG_WARN_CONSTANT_CONVERSION = YES;
				CLANG_WARN_DEPRECATED_OBJC_IMPLEMENTATIONS = YES;
				CLANG_WARN_DIRECT_OBJC_ISA_USAGE = YES_ERROR;
				CLANG_WARN_DOCUMENTATION_COMMENTS = YES;
				CLANG_WARN_EMPTY_BODY = YES;
				CLANG_WARN_ENUM_CONVERSION = YES;
				CLANG_WARN_INFINITE_RECURSION = YES;
				CLANG_WARN_INT_CONVERSION = YES;
				CLANG_WARN_NON_LITERAL_NULL_CONVERSION = YES;
				CLANG_WARN_OBJC_IMPLICIT_RETAIN_SELF = YES;
				CLANG_WARN_OBJC_LITERAL_CONVERSION = YES;
				CLANG_WARN_OBJC_ROOT_CLASS = YES_ERROR;
				CLANG_WARN_RANGE_LOOP_ANALYSIS = YES;
				CLANG_WARN_STRICT_PROTOTYPES = YES;
				CLANG_WARN_SUSPICIOUS_MOVE = YES;
				CLANG_WARN_UNGUARDED_AVAILABILITY = YES_AGGRESSIVE;
				CLANG_WARN_UNREACHABLE_CODE = YES;
				CLANG_WARN__DUPLICATE_METHOD_MATCH = YES;
				COPY_PHASE_STRIP = NO;
				DEBUG_INFORMATION_FORMAT = "dwarf-with-dsym";
				ENABLE_NS_ASSERTIONS = NO;
				ENABLE_STRICT_OBJC_MSGSEND = YES;
				GCC_C_LANGUAGE_STANDARD = gnu11;
				GCC_NO_COMMON_BLOCKS = YES;
				GCC_WARN_64_TO_32_BIT_CONVERSION = YES;
				GCC_WARN_ABOUT_RETURN_TYPE = YES_ERROR;
				GCC_WARN_UNDECLARED_SELECTOR = YES;
				GCC_WARN_UNINITIALIZED_AUTOS = YES_AGGRESSIVE;
				GCC_WARN_UNUSED_FUNCTION = YES;
				GCC_WARN_UNUSED_VARIABLE = YES;
				IPHONEOS_DEPLOYMENT_TARGET = 13.1;
				MTL_ENABLE_DEBUG_INFO = NO;
				MTL_FAST_MATH = YES;
				SDKROOT = iphoneos;
				SWIFT_COMPILATION_MODE = wholemodule;
				SWIFT_OPTIMIZATION_LEVEL = "-O";
				VALIDATE_PRODUCT = YES;
			};
			name = Release;
		};
		EF785AC823D7FD390017232C /* Debug */ = {
			isa = XCBuildConfiguration;
			buildSettings = {
				ASSETCATALOG_COMPILER_APPICON_NAME = AppIcon;
				CODE_SIGN_STYLE = Automatic;
				INFOPLIST_FILE = PlayingCard/Info.plist;
				LD_RUNPATH_SEARCH_PATHS = (
					"$(inherited)",
					"@executable_path/Frameworks",
				);
				PRODUCT_BUNDLE_IDENTIFIER = wangliang.PlayingCard;
				PRODUCT_NAME = "$(TARGET_NAME)";
				SWIFT_VERSION = 5.0;
				TARGETED_DEVICE_FAMILY = "1,2";
			};
			name = Debug;
		};
		EF785AC923D7FD390017232C /* Release */ = {
			isa = XCBuildConfiguration;
			buildSettings = {
				ASSETCATALOG_COMPILER_APPICON_NAME = AppIcon;
				CODE_SIGN_STYLE = Automatic;
				INFOPLIST_FILE = PlayingCard/Info.plist;
				LD_RUNPATH_SEARCH_PATHS = (
					"$(inherited)",
					"@executable_path/Frameworks",
				);
				PRODUCT_BUNDLE_IDENTIFIER = wangliang.PlayingCard;
				PRODUCT_NAME = "$(TARGET_NAME)";
				SWIFT_VERSION = 5.0;
				TARGETED_DEVICE_FAMILY = "1,2";
			};
			name = Release;
		};
/* End XCBuildConfiguration section */

/* Begin XCConfigurationList section */
		EF785AAE23D7FD380017232C /* Build configuration list for PBXProject "PlayingCard" */ = {
			isa = XCConfigurationList;
			buildConfigurations = (
				EF785AC523D7FD390017232C /* Debug */,
				EF785AC623D7FD390017232C /* Release */,
			);
			defaultConfigurationIsVisible = 0;
			defaultConfigurationName = Release;
		};
		EF785AC723D7FD390017232C /* Build configuration list for PBXNativeTarget "PlayingCard" */ = {
			isa = XCConfigurationList;
			buildConfigurations = (
				EF785AC823D7FD390017232C /* Debug */,
				EF785AC923D7FD390017232C /* Release */,
			);
			defaultConfigurationIsVisible = 0;
			defaultConfigurationName = Release;
		};
/* End XCConfigurationList section */
	};
	rootObject = EF785AAB23D7FD380017232C /* Project object */;
}
